
Microsoft Visual Studio Solution File, Format Version 12.00
# Visual Studio Version 16
VisualStudioVersion = 16.0.31613.86
MinimumVisualStudioVersion = 10.0.40219.1
Project("{FAE04EC0-301F-11D3-BF4B-00C04F79EFBC}") = "MicroservicesDocker", "MicroservicesDocker.csproj", "{DCD3344C-875D-42A7-BA5D-0F5C859EF48B}"
EndProject
Global
	GlobalSection(SolutionConfigurationPlatforms) = preSolution
		Debug|Any CPU = Debug|Any CPU
		Release|Any CPU = Release|Any CPU
	EndGlobalSection
	GlobalSection(ProjectConfigurationPlatforms) = postSolution
		{DCD3344C-875D-42A7-BA5D-0F5C859EF48B}.Debug|Any CPU.ActiveCfg = Debug|Any CPU
		{DCD3344C-875D-42A7-BA5D-0F5C859EF48B}.Debug|Any CPU.Build.0 = Debug|Any CPU
		{DCD3344C-875D-42A7-BA5D-0F5C859EF48B}.Release|Any CPU.ActiveCfg = Release|Any CPU
		{DCD3344C-875D-42A7-BA5D-0F5C859EF48B}.Release|Any CPU.Build.0 = Release|Any CPU
	EndGlobalSection
	GlobalSection(SolutionProperties) = preSolution
		HideSolutionNode = FALSE
	EndGlobalSection
	GlobalSection(ExtensibilityGlobals) = postSolution
		SolutionGuid = {F467E5A9-E904-4635-A76D-C1DBD78AD466}
	EndGlobalSection
EndGlobal
